
Microsoft Visual Studio Solution File, Format Version 12.00
# Visual Studio 15
VisualStudioVersion = 15.0.27004.2002
MinimumVisualStudioVersion = 10.0.40219.1
Project("{FAE04EC0-301F-11D3-BF4B-00C04F79EFBC}") = "BD_Registro.Android", "BD_Registro\BD_Registro.Android\BD_Registro.Android.csproj", "{6793F99A-449A-4A2F-95C8-004E0E565FD5}"
EndProject
Project("{FAE04EC0-301F-11D3-BF4B-00C04F79EFBC}") = "BD_Registro", "BD_Registro\BD_Registro\BD_Registro.csproj", "{32B955E0-A79A-42B3-BFBA-CB6086484342}"
EndProject
Project("{FAE04EC0-301F-11D3-BF4B-00C04F79EFBC}") = "BD_Registro.UWP", "BD_Registro\BD_Registro.UWP\BD_Registro.UWP.csproj", "{3C94D084-C328-4D23-B88F-37FD2CDD4282}"
EndProject
Project("{FAE04EC0-301F-11D3-BF4B-00C04F79EFBC}") = "BD_Registro.iOS", "BD_Registro\BD_Registro.iOS\BD_Registro.iOS.csproj", "{920F3FB1-BC42-4971-89C9-F9E7B619D36C}"
EndProject
Global
	GlobalSection(SolutionConfigurationPlatforms) = preSolution
		Ad-Hoc|Any CPU = Ad-Hoc|Any CPU
		Ad-Hoc|ARM = Ad-Hoc|ARM
		Ad-Hoc|iPhone = Ad-Hoc|iPhone
		Ad-Hoc|iPhoneSimulator = Ad-Hoc|iPhoneSimulator
		Ad-Hoc|x64 = Ad-Hoc|x64
		Ad-Hoc|x86 = Ad-Hoc|x86
		AppStore|Any CPU = AppStore|Any CPU
		AppStore|ARM = AppStore|ARM
		AppStore|iPhone = AppStore|iPhone
		AppStore|iPhoneSimulator = AppStore|iPhoneSimulator
		AppStore|x64 = AppStore|x64
		AppStore|x86 = AppStore|x86
		Debug|Any CPU = Debug|Any CPU
		Debug|ARM = Debug|ARM
		Debug|iPhone = Debug|iPhone
		Debug|iPhoneSimulator = Debug|iPhoneSimulator
		Debug|x64 = Debug|x64
		Debug|x86 = Debug|x86
		Release|Any CPU = Release|Any CPU
		Release|ARM = Release|ARM
		Release|iPhone = Release|iPhone
		Release|iPhoneSimulator = Release|iPhoneSimulator
		Release|x64 = Release|x64
		Release|x86 = Release|x86
	EndGlobalSection
	GlobalSection(ProjectConfigurationPlatforms) = postSolution
		{6793F99A-449A-4A2F-95C8-004E0E565FD5}.Ad-Hoc|Any CPU.ActiveCfg = Release|Any CPU
		{6793F99A-449A-4A2F-95C8-004E0E565FD5}.Ad-Hoc|Any CPU.Build.0 = Release|Any CPU
		{6793F99A-449A-4A2F-95C8-004E0E565FD5}.Ad-Hoc|Any CPU.Deploy.0 = Release|Any CPU
		{6793F99A-449A-4A2F-95C8-004E0E565FD5}.Ad-Hoc|ARM.ActiveCfg = Release|Any CPU
		{6793F99A-449A-4A2F-95C8-004E0E565FD5}.Ad-Hoc|ARM.Build.0 = Release|Any CPU
		{6793F99A-449A-4A2F-95C8-004E0E565FD5}.Ad-Hoc|ARM.Deploy.0 = Release|Any CPU
		{6793F99A-449A-4A2F-95C8-004E0E565FD5}.Ad-Hoc|iPhone.ActiveCfg = Release|Any CPU
		{6793F99A-449A-4A2F-95C8-004E0E565FD5}.Ad-Hoc|iPhone.Build.0 = Release|Any CPU
		{6793F99A-449A-4A2F-95C8-004E0E565FD5}.Ad-Hoc|iPhone.Deploy.0 = Release|Any CPU
		{6793F99A-449A-4A2F-95C8-004E0E565FD5}.Ad-Hoc|iPhoneSimulator.ActiveCfg = Release|Any CPU
		{6793F99A-449A-4A2F-95C8-004E0E565FD5}.Ad-Hoc|iPhoneSimulator.Build.0 = Release|Any CPU
		{6793F99A-449A-4A2F-95C8-004E0E565FD5}.Ad-Hoc|iPhoneSimulator.Deploy.0 = Release|Any CPU
		{6793F99A-449A-4A2F-95C8-004E0E565FD5}.Ad-Hoc|x64.ActiveCfg = Release|Any CPU
		{6793F99A-449A-4A2F-95C8-004E0E565FD5}.Ad-Hoc|x64.Build.0 = Release|Any CPU
		{6793F99A-449A-4A2F-95C8-004E0E565FD5}.Ad-Hoc|x64.Deploy.0 = Release|Any CPU
		{6793F99A-449A-4A2F-95C8-004E0E565FD5}.Ad-Hoc|x86.ActiveCfg = Release|Any CPU
		{6793F99A-449A-4A2F-95C8-004E0E565FD5}.Ad-Hoc|x86.Build.0 = Release|Any CPU
		{6793F99A-449A-4A2F-95C8-004E0E565FD5}.Ad-Hoc|x86.Deploy.0 = Release|Any CPU
		{6793F99A-449A-4A2F-95C8-004E0E565FD5}.AppStore|Any CPU.ActiveCfg = Release|Any CPU
		{6793F99A-449A-4A2F-95C8-004E0E565FD5}.AppStore|Any CPU.Build.0 = Release|Any CPU
		{6793F99A-449A-4A2F-95C8-004E0E565FD5}.AppStore|Any CPU.Deploy.0 = Release|Any CPU
		{6793F99A-449A-4A2F-95C8-004E0E565FD5}.AppStore|ARM.ActiveCfg = Release|Any CPU
		{6793F99A-449A-4A2F-95C8-004E0E565FD5}.AppStore|ARM.Build.0 = Release|Any CPU
		{6793F99A-449A-4A2F-95C8-004E0E565FD5}.AppStore|ARM.Deploy.0 = Release|Any CPU
		{6793F99A-449A-4A2F-95C8-004E0E565FD5}.AppStore|iPhone.ActiveCfg = Release|Any CPU
		{6793F99A-449A-4A2F-95C8-004E0E565FD5}.AppStore|iPhone.Build.0 = Release|Any CPU
		{6793F99A-449A-4A2F-95C8-004E0E565FD5}.AppStore|iPhone.Deploy.0 = Release|Any CPU
		{6793F99A-449A-4A2F-95C8-004E0E565FD5}.AppStore|iPhoneSimulator.ActiveCfg = Release|Any CPU
		{6793F99A-449A-4A2F-95C8-004E0E565FD5}.AppStore|iPhoneSimulator.Build.0 = Release|Any CPU
		{6793F99A-449A-4A2F-95C8-004E0E565FD5}.AppStore|iPhoneSimulator.Deploy.0 = Release|Any CPU
		{6793F99A-449A-4A2F-95C8-004E0E565FD5}.AppStore|x64.ActiveCfg = Release|Any CPU
		{6793F99A-449A-4A2F-95C8-004E0E565FD5}.AppStore|x64.Build.0 = Release|Any CPU
		{6793F99A-449A-4A2F-95C8-004E0E565FD5}.AppStore|x64.Deploy.0 = Release|Any CPU
		{6793F99A-449A-4A2F-95C8-004E0E565FD5}.AppStore|x86.ActiveCfg = Release|Any CPU
		{6793F99A-449A-4A2F-95C8-004E0E565FD5}.AppStore|x86.Build.0 = Release|Any CPU
		{6793F99A-449A-4A2F-95C8-004E0E565FD5}.AppStore|x86.Deploy.0 = Release|Any CPU
		{6793F99A-449A-4A2F-95C8-004E0E565FD5}.Debug|Any CPU.ActiveCfg = Debug|Any CPU
		{6793F99A-449A-4A2F-95C8-004E0E565FD5}.Debug|Any CPU.Build.0 = Debug|Any CPU
		{6793F99A-449A-4A2F-95C8-004E0E565FD5}.Debug|Any CPU.Deploy.0 = Debug|Any CPU
		{6793F99A-449A-4A2F-95C8-004E0E565FD5}.Debug|ARM.ActiveCfg = Debug|Any CPU
		{6793F99A-449A-4A2F-95C8-004E0E565FD5}.Debug|ARM.Build.0 = Debug|Any CPU
		{6793F99A-449A-4A2F-95C8-004E0E565FD5}.Debug|ARM.Deploy.0 = Debug|Any CPU
		{6793F99A-449A-4A2F-95C8-004E0E565FD5}.Debug|iPhone.ActiveCfg = Debug|Any CPU
		{6793F99A-449A-4A2F-95C8-004E0E565FD5}.Debug|iPhone.Build.0 = Debug|Any CPU
		{6793F99A-449A-4A2F-95C8-004E0E565FD5}.Debug|iPhone.Deploy.0 = Debug|Any CPU
		{6793F99A-449A-4A2F-95C8-004E0E565FD5}.Debug|iPhoneSimulator.ActiveCfg = Debug|Any CPU
		{6793F99A-449A-4A2F-95C8-004E0E565FD5}.Debug|iPhoneSimulator.Build.0 = Debug|Any CPU
		{6793F99A-449A-4A2F-95C8-004E0E565FD5}.Debug|iPhoneSimulator.Deploy.0 = Debug|Any CPU
		{6793F99A-449A-4A2F-95C8-004E0E565FD5}.Debug|x64.ActiveCfg = Debug|Any CPU
		{6793F99A-449A-4A2F-95C8-004E0E565FD5}.Debug|x64.Build.0 = Debug|Any CPU
		{6793F99A-449A-4A2F-95C8-004E0E565FD5}.Debug|x64.Deploy.0 = Debug|Any CPU
		{6793F99A-449A-4A2F-95C8-004E0E565FD5}.Debug|x86.ActiveCfg = Debug|Any CPU
		{6793F99A-449A-4A2F-95C8-004E0E565FD5}.Debug|x86.Build.0 = Debug|Any CPU
		{6793F99A-449A-4A2F-95C8-004E0E565FD5}.Debug|x86.Deploy.0 = Debug|Any CPU
		{6793F99A-449A-4A2F-95C8-004E0E565FD5}.Release|Any CPU.ActiveCfg = Release|Any CPU
		{6793F99A-449A-4A2F-95C8-004E0E565FD5}.Release|Any CPU.Build.0 = Release|Any CPU
		{6793F99A-449A-4A2F-95C8-004E0E565FD5}.Release|Any CPU.Deploy.0 = Release|Any CPU
		{6793F99A-449A-4A2F-95C8-004E0E565FD5}.Release|ARM.ActiveCfg = Release|Any CPU
		{6793F99A-449A-4A2F-95C8-004E0E565FD5}.Release|ARM.Build.0 = Release|Any CPU
		{6793F99A-449A-4A2F-95C8-004E0E565FD5}.Release|ARM.Deploy.0 = Release|Any CPU
		{6793F99A-449A-4A2F-95C8-004E0E565FD5}.Release|iPhone.ActiveCfg = Release|Any CPU
		{6793F99A-449A-4A2F-95C8-004E0E565FD5}.Release|iPhone.Build.0 = Release|Any CPU
		{6793F99A-449A-4A2F-95C8-004E0E565FD5}.Release|iPhone.Deploy.0 = Release|Any CPU
		{6793F99A-449A-4A2F-95C8-004E0E565FD5}.Release|iPhoneSimulator.ActiveCfg = Release|Any CPU
		{6793F99A-449A-4A2F-95C8-004E0E565FD5}.Release|iPhoneSimulator.Build.0 = Release|Any CPU
		{6793F99A-449A-4A2F-95C8-004E0E565FD5}.Release|iPhoneSimulator.Deploy.0 = Release|Any CPU
		{6793F99A-449A-4A2F-95C8-004E0E565FD5}.Release|x64.ActiveCfg = Release|Any CPU
		{6793F99A-449A-4A2F-95C8-004E0E565FD5}.Release|x64.Build.0 = Release|Any CPU
		{6793F99A-449A-4A2F-95C8-004E0E565FD5}.Release|x64.Deploy.0 = Release|Any CPU
		{6793F99A-449A-4A2F-95C8-004E0E565FD5}.Release|x86.ActiveCfg = Release|Any CPU
		{6793F99A-449A-4A2F-95C8-004E0E565FD5}.Release|x86.Build.0 = Release|Any CPU
		{6793F99A-449A-4A2F-95C8-004E0E565FD5}.Release|x86.Deploy.0 = Release|Any CPU
		{32B955E0-A79A-42B3-BFBA-CB6086484342}.Ad-Hoc|Any CPU.ActiveCfg = Release|Any CPU
		{32B955E0-A79A-42B3-BFBA-CB6086484342}.Ad-Hoc|Any CPU.Build.0 = Release|Any CPU
		{32B955E0-A79A-42B3-BFBA-CB6086484342}.Ad-Hoc|ARM.ActiveCfg = Release|Any CPU
		{32B955E0-A79A-42B3-BFBA-CB6086484342}.Ad-Hoc|ARM.Build.0 = Release|Any CPU
		{32B955E0-A79A-42B3-BFBA-CB6086484342}.Ad-Hoc|iPhone.ActiveCfg = Release|Any CPU
		{32B955E0-A79A-42B3-BFBA-CB6086484342}.Ad-Hoc|iPhone.Build.0 = Release|Any CPU
		{32B955E0-A79A-42B3-BFBA-CB6086484342}.Ad-Hoc|iPhoneSimulator.ActiveCfg = Release|Any CPU
		{32B955E0-A79A-42B3-BFBA-CB6086484342}.Ad-Hoc|iPhoneSimulator.Build.0 = Release|Any CPU
		{32B955E0-A79A-42B3-BFBA-CB6086484342}.Ad-Hoc|x64.ActiveCfg = Release|Any CPU
		{32B955E0-A79A-42B3-BFBA-CB6086484342}.Ad-Hoc|x64.Build.0 = Release|Any CPU
		{32B955E0-A79A-42B3-BFBA-CB6086484342}.Ad-Hoc|x86.ActiveCfg = Release|Any CPU
		{32B955E0-A79A-42B3-BFBA-CB6086484342}.Ad-Hoc|x86.Build.0 = Release|Any CPU
		{32B955E0-A79A-42B3-BFBA-CB6086484342}.AppStore|Any CPU.ActiveCfg = Release|Any CPU
		{32B955E0-A79A-42B3-BFBA-CB6086484342}.AppStore|Any CPU.Build.0 = Release|Any CPU
		{32B955E0-A79A-42B3-BFBA-CB6086484342}.AppStore|ARM.ActiveCfg = Release|Any CPU
		{32B955E0-A79A-42B3-BFBA-CB6086484342}.AppStore|ARM.Build.0 = Release|Any CPU
		{32B955E0-A79A-42B3-BFBA-CB6086484342}.AppStore|iPhone.ActiveCfg = Release|Any CPU
		{32B955E0-A79A-42B3-BFBA-CB6086484342}.AppStore|iPhone.Build.0 = Release|Any CPU
		{32B955E0-A79A-42B3-BFBA-CB6086484342}.AppStore|iPhoneSimulator.ActiveCfg = Release|Any CPU
		{32B955E0-A79A-42B3-BFBA-CB6086484342}.AppStore|iPhoneSimulator.Build.0 = Release|Any CPU
		{32B955E0-A79A-42B3-BFBA-CB6086484342}.AppStore|x64.ActiveCfg = Release|Any CPU
		{32B955E0-A79A-42B3-BFBA-CB6086484342}.AppStore|x64.Build.0 = Release|Any CPU
		{32B955E0-A79A-42B3-BFBA-CB6086484342}.AppStore|x86.ActiveCfg = Release|Any CPU
		{32B955E0-A79A-42B3-BFBA-CB6086484342}.AppStore|x86.Build.0 = Release|Any CPU
		{32B955E0-A79A-42B3-BFBA-CB6086484342}.Debug|Any CPU.ActiveCfg = Debug|Any CPU
		{32B955E0-A79A-42B3-BFBA-CB6086484342}.Debug|Any CPU.Build.0 = Debug|Any CPU
		{32B955E0-A79A-42B3-BFBA-CB6086484342}.Debug|ARM.ActiveCfg = Debug|Any CPU
		{32B955E0-A79A-42B3-BFBA-CB6086484342}.Debug|ARM.Build.0 = Debug|Any CPU
		{32B955E0-A79A-42B3-BFBA-CB6086484342}.Debug|iPhone.ActiveCfg = Debug|Any CPU
		{32B955E0-A79A-42B3-BFBA-CB6086484342}.Debug|iPhone.Build.0 = Debug|Any CPU
		{32B955E0-A79A-42B3-BFBA-CB6086484342}.Debug|iPhoneSimulator.ActiveCfg = Debug|Any CPU
		{32B955E0-A79A-42B3-BFBA-CB6086484342}.Debug|iPhoneSimulator.Build.0 = Debug|Any CPU
		{32B955E0-A79A-42B3-BFBA-CB6086484342}.Debug|x64.ActiveCfg = Debug|Any CPU
		{32B955E0-A79A-42B3-BFBA-CB6086484342}.Debug|x64.Build.0 = Debug|Any CPU
		{32B955E0-A79A-42B3-BFBA-CB6086484342}.Debug|x86.ActiveCfg = Debug|Any CPU
		{32B955E0-A79A-42B3-BFBA-CB6086484342}.Debug|x86.Build.0 = Debug|Any CPU
		{32B955E0-A79A-42B3-BFBA-CB6086484342}.Release|Any CPU.ActiveCfg = Release|Any CPU
		{32B955E0-A79A-42B3-BFBA-CB6086484342}.Release|Any CPU.Build.0 = Release|Any CPU
		{32B955E0-A79A-42B3-BFBA-CB6086484342}.Release|ARM.ActiveCfg = Release|Any CPU
		{32B955E0-A79A-42B3-BFBA-CB6086484342}.Release|ARM.Build.0 = Release|Any CPU
		{32B955E0-A79A-42B3-BFBA-CB6086484342}.Release|iPhone.ActiveCfg = Release|Any CPU
		{32B955E0-A79A-42B3-BFBA-CB6086484342}.Release|iPhone.Build.0 = Release|Any CPU
		{32B955E0-A79A-42B3-BFBA-CB6086484342}.Release|iPhoneSimulator.ActiveCfg = Release|Any CPU
		{32B955E0-A79A-42B3-BFBA-CB6086484342}.Release|iPhoneSimulator.Build.0 = Release|Any CPU
		{32B955E0-A79A-42B3-BFBA-CB6086484342}.Release|x64.ActiveCfg = Release|Any CPU
		{32B955E0-A79A-42B3-BFBA-CB6086484342}.Release|x64.Build.0 = Release|Any CPU
		{32B955E0-A79A-42B3-BFBA-CB6086484342}.Release|x86.ActiveCfg = Release|Any CPU
		{32B955E0-A79A-42B3-BFBA-CB6086484342}.Release|x86.Build.0 = Release|Any CPU
		{3C94D084-C328-4D23-B88F-37FD2CDD4282}.Ad-Hoc|Any CPU.ActiveCfg = Release|x86
		{3C94D084-C328-4D23-B88F-37FD2CDD4282}.Ad-Hoc|Any CPU.Build.0 = Release|x86
		{3C94D084-C328-4D23-B88F-37FD2CDD4282}.Ad-Hoc|Any CPU.Deploy.0 = Release|x86
		{3C94D084-C328-4D23-B88F-37FD2CDD4282}.Ad-Hoc|ARM.ActiveCfg = Release|ARM
		{3C94D084-C328-4D23-B88F-37FD2CDD4282}.Ad-Hoc|ARM.Build.0 = Release|ARM
		{3C94D084-C328-4D23-B88F-37FD2CDD4282}.Ad-Hoc|ARM.Deploy.0 = Release|ARM
		{3C94D084-C328-4D23-B88F-37FD2CDD4282}.Ad-Hoc|iPhone.ActiveCfg = Release|x86
		{3C94D084-C328-4D23-B88F-37FD2CDD4282}.Ad-Hoc|iPhone.Build.0 = Release|x86
		{3C94D084-C328-4D23-B88F-37FD2CDD4282}.Ad-Hoc|iPhone.Deploy.0 = Release|x86
		{3C94D084-C328-4D23-B88F-37FD2CDD4282}.Ad-Hoc|iPhoneSimulator.ActiveCfg = Release|x86
		{3C94D084-C328-4D23-B88F-37FD2CDD4282}.Ad-Hoc|iPhoneSimulator.Build.0 = Release|x86
		{3C94D084-C328-4D23-B88F-37FD2CDD4282}.Ad-Hoc|iPhoneSimulator.Deploy.0 = Release|x86
		{3C94D084-C328-4D23-B88F-37FD2CDD4282}.Ad-Hoc|x64.ActiveCfg = Release|x64
		{3C94D084-C328-4D23-B88F-37FD2CDD4282}.Ad-Hoc|x64.Build.0 = Release|x64
		{3C94D084-C328-4D23-B88F-37FD2CDD4282}.Ad-Hoc|x64.Deploy.0 = Release|x64
		{3C94D084-C328-4D23-B88F-37FD2CDD4282}.Ad-Hoc|x86.ActiveCfg = Release|x86
		{3C94D084-C328-4D23-B88F-37FD2CDD4282}.Ad-Hoc|x86.Build.0 = Release|x86
		{3C94D084-C328-4D23-B88F-37FD2CDD4282}.Ad-Hoc|x86.Deploy.0 = Release|x86
		{3C94D084-C328-4D23-B88F-37FD2CDD4282}.AppStore|Any CPU.ActiveCfg = Release|x86
		{3C94D084-C328-4D23-B88F-37FD2CDD4282}.AppStore|Any CPU.Build.0 = Release|x86
		{3C94D084-C328-4D23-B88F-37FD2CDD4282}.AppStore|Any CPU.Deploy.0 = Release|x86
		{3C94D084-C328-4D23-B88F-37FD2CDD4282}.AppStore|ARM.ActiveCfg = Release|ARM
		{3C94D084-C328-4D23-B88F-37FD2CDD4282}.AppStore|ARM.Build.0 = Release|ARM
		{3C94D084-C328-4D23-B88F-37FD2CDD4282}.AppStore|ARM.Deploy.0 = Release|ARM
		{3C94D084-C328-4D23-B88F-37FD2CDD4282}.AppStore|iPhone.ActiveCfg = Release|x86
		{3C94D084-C328-4D23-B88F-37FD2CDD4282}.AppStore|iPhone.Build.0 = Release|x86
		{3C94D084-C328-4D23-B88F-37FD2CDD4282}.AppStore|iPhone.Deploy.0 = Release|x86
		{3C94D084-C328-4D23-B88F-37FD2CDD4282}.AppStore|iPhoneSimulator.ActiveCfg = Release|x86
		{3C94D084-C328-4D23-B88F-37FD2CDD4282}.AppStore|iPhoneSimulator.Build.0 = Release|x86
		{3C94D084-C328-4D23-B88F-37FD2CDD4282}.AppStore|iPhoneSimulator.Deploy.0 = Release|x86
		{3C94D084-C328-4D23-B88F-37FD2CDD4282}.AppStore|x64.ActiveCfg = Release|x64
		{3C94D084-C328-4D23-B88F-37FD2CDD4282}.AppStore|x64.Build.0 = Release|x64
		{3C94D084-C328-4D23-B88F-37FD2CDD4282}.AppStore|x64.Deploy.0 = Release|x64
		{3C94D084-C328-4D23-B88F-37FD2CDD4282}.AppStore|x86.ActiveCfg = Release|x86
		{3C94D084-C328-4D23-B88F-37FD2CDD4282}.AppStore|x86.Build.0 = Release|x86
		{3C94D084-C328-4D23-B88F-37FD2CDD4282}.AppStore|x86.Deploy.0 = Release|x86
		{3C94D084-C328-4D23-B88F-37FD2CDD4282}.Debug|Any CPU.ActiveCfg = Debug|x86
		{3C94D084-C328-4D23-B88F-37FD2CDD4282}.Debug|ARM.ActiveCfg = Debug|ARM
		{3C94D084-C328-4D23-B88F-37FD2CDD4282}.Debug|ARM.Build.0 = Debug|ARM
		{3C94D084-C328-4D23-B88F-37FD2CDD4282}.Debug|ARM.Deploy.0 = Debug|ARM
		{3C94D084-C328-4D23-B88F-37FD2CDD4282}.Debug|iPhone.ActiveCfg = Debug|x86
		{3C94D084-C328-4D23-B88F-37FD2CDD4282}.Debug|iPhoneSimulator.ActiveCfg = Debug|x86
		{3C94D084-C328-4D23-B88F-37FD2CDD4282}.Debug|x64.ActiveCfg = Debug|x64
		{3C94D084-C328-4D23-B88F-37FD2CDD4282}.Debug|x64.Build.0 = Debug|x64
		{3C94D084-C328-4D23-B88F-37FD2CDD4282}.Debug|x64.Deploy.0 = Debug|x64
		{3C94D084-C328-4D23-B88F-37FD2CDD4282}.Debug|x86.ActiveCfg = Debug|x86
		{3C94D084-C328-4D23-B88F-37FD2CDD4282}.Debug|x86.Build.0 = Debug|x86
		{3C94D084-C328-4D23-B88F-37FD2CDD4282}.Debug|x86.Deploy.0 = Debug|x86
		{3C94D084-C328-4D23-B88F-37FD2CDD4282}.Release|Any CPU.ActiveCfg = Release|x86
		{3C94D084-C328-4D23-B88F-37FD2CDD4282}.Release|ARM.ActiveCfg = Release|ARM
		{3C94D084-C328-4D23-B88F-37FD2CDD4282}.Release|ARM.Build.0 = Release|ARM
		{3C94D084-C328-4D23-B88F-37FD2CDD4282}.Release|ARM.Deploy.0 = Release|ARM
		{3C94D084-C328-4D23-B88F-37FD2CDD4282}.Release|iPhone.ActiveCfg = Release|x86
		{3C94D084-C328-4D23-B88F-37FD2CDD4282}.Release|iPhoneSimulator.ActiveCfg = Release|x86
		{3C94D084-C328-4D23-B88F-37FD2CDD4282}.Release|x64.ActiveCfg = Release|x64
		{3C94D084-C328-4D23-B88F-37FD2CDD4282}.Release|x64.Build.0 = Release|x64
		{3C94D084-C328-4D23-B88F-37FD2CDD4282}.Release|x64.Deploy.0 = Release|x64
		{3C94D084-C328-4D23-B88F-37FD2CDD4282}.Release|x86.ActiveCfg = Release|x86
		{3C94D084-C328-4D23-B88F-37FD2CDD4282}.Release|x86.Build.0 = Release|x86
		{3C94D084-C328-4D23-B88F-37FD2CDD4282}.Release|x86.Deploy.0 = Release|x86
		{920F3FB1-BC42-4971-89C9-F9E7B619D36C}.Ad-Hoc|Any CPU.ActiveCfg = Ad-Hoc|iPhoneSimulator
		{920F3FB1-BC42-4971-89C9-F9E7B619D36C}.Ad-Hoc|ARM.ActiveCfg = Ad-Hoc|iPhone
		{920F3FB1-BC42-4971-89C9-F9E7B619D36C}.Ad-Hoc|iPhone.ActiveCfg = Ad-Hoc|iPhone
		{920F3FB1-BC42-4971-89C9-F9E7B619D36C}.Ad-Hoc|iPhone.Build.0 = Ad-Hoc|iPhone
		{920F3FB1-BC42-4971-89C9-F9E7B619D36C}.Ad-Hoc|iPhoneSimulator.ActiveCfg = Ad-Hoc|iPhoneSimulator
		{920F3FB1-BC42-4971-89C9-F9E7B619D36C}.Ad-Hoc|iPhoneSimulator.Build.0 = Ad-Hoc|iPhoneSimulator
		{920F3FB1-BC42-4971-89C9-F9E7B619D36C}.Ad-Hoc|x64.ActiveCfg = Ad-Hoc|iPhone
		{920F3FB1-BC42-4971-89C9-F9E7B619D36C}.Ad-Hoc|x86.ActiveCfg = Ad-Hoc|iPhone
		{920F3FB1-BC42-4971-89C9-F9E7B619D36C}.AppStore|Any CPU.ActiveCfg = AppStore|iPhoneSimulator
		{920F3FB1-BC42-4971-89C9-F9E7B619D36C}.AppStore|ARM.ActiveCfg = AppStore|iPhone
		{920F3FB1-BC42-4971-89C9-F9E7B619D36C}.AppStore|iPhone.ActiveCfg = AppStore|iPhone
		{920F3FB1-BC42-4971-89C9-F9E7B619D36C}.AppStore|iPhone.Build.0 = AppStore|iPhone
		{920F3FB1-BC42-4971-89C9-F9E7B619D36C}.AppStore|iPhoneSimulator.ActiveCfg = AppStore|iPhoneSimulator
		{920F3FB1-BC42-4971-89C9-F9E7B619D36C}.AppStore|iPhoneSimulator.Build.0 = AppStore|iPhoneSimulator
		{920F3FB1-BC42-4971-89C9-F9E7B619D36C}.AppStore|x64.ActiveCfg = AppStore|iPhone
		{920F3FB1-BC42-4971-89C9-F9E7B619D36C}.AppStore|x86.ActiveCfg = AppStore|iPhone
		{920F3FB1-BC42-4971-89C9-F9E7B619D36C}.Debug|Any CPU.ActiveCfg = Debug|iPhoneSimulator
		{920F3FB1-BC42-4971-89C9-F9E7B619D36C}.Debug|ARM.ActiveCfg = Debug|iPhone
		{920F3FB1-BC42-4971-89C9-F9E7B619D36C}.Debug|iPhone.ActiveCfg = Debug|iPhone
		{920F3FB1-BC42-4971-89C9-F9E7B619D36C}.Debug|iPhone.Build.0 = Debug|iPhone
		{920F3FB1-BC42-4971-89C9-F9E7B619D36C}.Debug|iPhoneSimulator.ActiveCfg = Debug|iPhoneSimulator
		{920F3FB1-BC42-4971-89C9-F9E7B619D36C}.Debug|iPhoneSimulator.Build.0 = Debug|iPhoneSimulator
		{920F3FB1-BC42-4971-89C9-F9E7B619D36C}.Debug|x64.ActiveCfg = Debug|iPhone
		{920F3FB1-BC42-4971-89C9-F9E7B619D36C}.Debug|x86.ActiveCfg = Debug|iPhone
		{920F3FB1-BC42-4971-89C9-F9E7B619D36C}.Release|Any CPU.ActiveCfg = Release|iPhoneSimulator
		{920F3FB1-BC42-4971-89C9-F9E7B619D36C}.Release|ARM.ActiveCfg = Release|iPhone
		{920F3FB1-BC42-4971-89C9-F9E7B619D36C}.Release|iPhone.ActiveCfg = Release|iPhone
		{920F3FB1-BC42-4971-89C9-F9E7B619D36C}.Release|iPhone.Build.0 = Release|iPhone
		{920F3FB1-BC42-4971-89C9-F9E7B619D36C}.Release|iPhoneSimulator.ActiveCfg = Release|iPhoneSimulator
		{920F3FB1-BC42-4971-89C9-F9E7B619D36C}.Release|iPhoneSimulator.Build.0 = Release|iPhoneSimulator
		{920F3FB1-BC42-4971-89C9-F9E7B619D36C}.Release|x64.ActiveCfg = Release|iPhone
		{920F3FB1-BC42-4971-89C9-F9E7B619D36C}.Release|x86.ActiveCfg = Release|iPhone
	EndGlobalSection
	GlobalSection(SolutionProperties) = preSolution
		HideSolutionNode = FALSE
	EndGlobalSection
	GlobalSection(ExtensibilityGlobals) = postSolution
		SolutionGuid = {FB5E11DE-B275-4B14-BACD-0452E7EB6110}
	EndGlobalSection
EndGlobal
